
Microsoft Visual Studio Solution File, Format Version 12.00
# Visual Studio Version 16
VisualStudioVersion = 16.0.30717.126
MinimumVisualStudioVersion = 10.0.40219.1
Project("{FAE04EC0-301F-11D3-BF4B-00C04F79EFBC}") = "MVCEntity", "MVCEntity\MVCEntity.csproj", "{A87A0FCD-C8E2-4598-8CD8-7A4157CCCFD0}"
EndProject
Global
	GlobalSection(SolutionConfigurationPlatforms) = preSolution
		Debug|Any CPU = Debug|Any CPU
		Release|Any CPU = Release|Any CPU
	EndGlobalSection
	GlobalSection(ProjectConfigurationPlatforms) = postSolution
		{A87A0FCD-C8E2-4598-8CD8-7A4157CCCFD0}.Debug|Any CPU.ActiveCfg = Debug|Any CPU
		{A87A0FCD-C8E2-4598-8CD8-7A4157CCCFD0}.Debug|Any CPU.Build.0 = Debug|Any CPU
		{A87A0FCD-C8E2-4598-8CD8-7A4157CCCFD0}.Release|Any CPU.ActiveCfg = Release|Any CPU
		{A87A0FCD-C8E2-4598-8CD8-7A4157CCCFD0}.Release|Any CPU.Build.0 = Release|Any CPU
	EndGlobalSection
	GlobalSection(SolutionProperties) = preSolution
		HideSolutionNode = FALSE
	EndGlobalSection
	GlobalSection(ExtensibilityGlobals) = postSolution
		SolutionGuid = {23F4BBF5-C820-4204-A320-DD947EE5A331}
	EndGlobalSection
EndGlobal
